
Microsoft Visual Studio Solution File, Format Version 12.00
# Visual Studio Version 17
VisualStudioVersion = 17.1.32210.238
MinimumVisualStudioVersion = 10.0.40219.1
Project("{FAE04EC0-301F-11D3-BF4B-00C04F79EFBC}") = "testConsola", "testConsola.csproj", "{ED86FDF5-9FEB-41AA-BBBC-097F5890B379}"
EndProject
Global
	GlobalSection(SolutionConfigurationPlatforms) = preSolution
		Debug|Any CPU = Debug|Any CPU
		Release|Any CPU = Release|Any CPU
	EndGlobalSection
	GlobalSection(ProjectConfigurationPlatforms) = postSolution
		{ED86FDF5-9FEB-41AA-BBBC-097F5890B379}.Debug|Any CPU.ActiveCfg = Debug|Any CPU
		{ED86FDF5-9FEB-41AA-BBBC-097F5890B379}.Debug|Any CPU.Build.0 = Debug|Any CPU
		{ED86FDF5-9FEB-41AA-BBBC-097F5890B379}.Release|Any CPU.ActiveCfg = Release|Any CPU
		{ED86FDF5-9FEB-41AA-BBBC-097F5890B379}.Release|Any CPU.Build.0 = Release|Any CPU
	EndGlobalSection
	GlobalSection(SolutionProperties) = preSolution
		HideSolutionNode = FALSE
	EndGlobalSection
	GlobalSection(ExtensibilityGlobals) = postSolution
		SolutionGuid = {F5776901-A190-4DC3-B7C5-E7ED5E158E26}
	EndGlobalSection
EndGlobal
